// !$*UTF8*$!
{
	archiveVersion = 1;
	classes = {
	};
	objectVersion = 50;
	objects = {

/* Begin PBXBuildFile section */
		D07574C8269C24340083980B /* AppDelegate.swift in Sources */ = {isa = PBXBuildFile; fileRef = D07574C7269C24340083980B /* AppDelegate.swift */; };
		D07574CA269C24340083980B /* SceneDelegate.swift in Sources */ = {isa = PBXBuildFile; fileRef = D07574C9269C24340083980B /* SceneDelegate.swift */; };
		D07574CC269C24340083980B /* ViewController.swift in Sources */ = {isa = PBXBuildFile; fileRef = D07574CB269C24340083980B /* ViewController.swift */; };
		D07574CF269C24340083980B /* Main.storyboard in Resources */ = {isa = PBXBuildFile; fileRef = D07574CD269C24340083980B /* Main.storyboard */; };
		D07574D2269C24340083980B /* RecipeClub.xcdatamodeld in Sources */ = {isa = PBXBuildFile; fileRef = D07574D0269C24340083980B /* RecipeClub.xcdatamodeld */; };
		D07574D4269C24370083980B /* Assets.xcassets in Resources */ = {isa = PBXBuildFile; fileRef = D07574D3269C24370083980B /* Assets.xcassets */; };
		D07574D7269C24370083980B /* LaunchScreen.storyboard in Resources */ = {isa = PBXBuildFile; fileRef = D07574D5269C24370083980B /* LaunchScreen.storyboard */; };
		D075753A26A008600083980B /* MainMenuBar.xib in Resources */ = {isa = PBXBuildFile; fileRef = D075753926A008600083980B /* MainMenuBar.xib */; };
		D075753C26A008660083980B /* MainMenuBar.swift in Sources */ = {isa = PBXBuildFile; fileRef = D075753B26A008660083980B /* MainMenuBar.swift */; };
		D0EC354726A1360600529357 /* MainCollectionViewLayout.swift in Sources */ = {isa = PBXBuildFile; fileRef = D0EC354626A1360600529357 /* MainCollectionViewLayout.swift */; };
		D0EC354926A1392B00529357 /* MainHeaderCollectionReusableView.swift in Sources */ = {isa = PBXBuildFile; fileRef = D0EC354826A1392B00529357 /* MainHeaderCollectionReusableView.swift */; };
		D0EC355026A1510600529357 /* MainCollectionViewCell.swift in Sources */ = {isa = PBXBuildFile; fileRef = D0EC354F26A1510600529357 /* MainCollectionViewCell.swift */; };
		D0EC355226A1513500529357 /* UIView+Extension.swift in Sources */ = {isa = PBXBuildFile; fileRef = D0EC355126A1513400529357 /* UIView+Extension.swift */; };
		D0EC355426A15C5E00529357 /* ImageCell.swift in Sources */ = {isa = PBXBuildFile; fileRef = D0EC355326A15C5E00529357 /* ImageCell.swift */; };
		D0EC355626A15C8400529357 /* HeaderCell.swift in Sources */ = {isa = PBXBuildFile; fileRef = D0EC355526A15C8400529357 /* HeaderCell.swift */; };
/* End PBXBuildFile section */

/* Begin PBXFileReference section */
		D07574C4269C24340083980B /* RecipeClub.app */ = {isa = PBXFileReference; explicitFileType = wrapper.application; includeInIndex = 0; path = RecipeClub.app; sourceTree = BUILT_PRODUCTS_DIR; };
		D07574C7269C24340083980B /* AppDelegate.swift */ = {isa = PBXFileReference; lastKnownFileType = sourcecode.swift; path = AppDelegate.swift; sourceTree = "<group>"; };
		D07574C9269C24340083980B /* SceneDelegate.swift */ = {isa = PBXFileReference; lastKnownFileType = sourcecode.swift; path = SceneDelegate.swift; sourceTree = "<group>"; };
		D07574CB269C24340083980B /* ViewController.swift */ = {isa = PBXFileReference; lastKnownFileType = sourcecode.swift; path = ViewController.swift; sourceTree = "<group>"; };
		D07574CE269C24340083980B /* Base */ = {isa = PBXFileReference; lastKnownFileType = file.storyboard; name = Base; path = Base.lproj/Main.storyboard; sourceTree = "<group>"; };
		D07574D1269C24340083980B /* RecipeClub.xcdatamodel */ = {isa = PBXFileReference; lastKnownFileType = wrapper.xcdatamodel; path = RecipeClub.xcdatamodel; sourceTree = "<group>"; };
		D07574D3269C24370083980B /* Assets.xcassets */ = {isa = PBXFileReference; lastKnownFileType = folder.assetcatalog; path = Assets.xcassets; sourceTree = "<group>"; };
		D07574D6269C24370083980B /* Base */ = {isa = PBXFileReference; lastKnownFileType = file.storyboard; name = Base; path = Base.lproj/LaunchScreen.storyboard; sourceTree = "<group>"; };
		D07574D8269C24370083980B /* Info.plist */ = {isa = PBXFileReference; lastKnownFileType = text.plist.xml; path = Info.plist; sourceTree = "<group>"; };
		D075753926A008600083980B /* MainMenuBar.xib */ = {isa = PBXFileReference; lastKnownFileType = file.xib; path = MainMenuBar.xib; sourceTree = "<group>"; };
		D075753B26A008660083980B /* MainMenuBar.swift */ = {isa = PBXFileReference; lastKnownFileType = sourcecode.swift; path = MainMenuBar.swift; sourceTree = "<group>"; };
		D0EC354626A1360600529357 /* MainCollectionViewLayout.swift */ = {isa = PBXFileReference; lastKnownFileType = sourcecode.swift; path = MainCollectionViewLayout.swift; sourceTree = "<group>"; };
		D0EC354826A1392B00529357 /* MainHeaderCollectionReusableView.swift */ = {isa = PBXFileReference; lastKnownFileType = sourcecode.swift; path = MainHeaderCollectionReusableView.swift; sourceTree = "<group>"; };
		D0EC354F26A1510600529357 /* MainCollectionViewCell.swift */ = {isa = PBXFileReference; lastKnownFileType = sourcecode.swift; path = MainCollectionViewCell.swift; sourceTree = "<group>"; };
		D0EC355126A1513400529357 /* UIView+Extension.swift */ = {isa = PBXFileReference; fileEncoding = 4; lastKnownFileType = sourcecode.swift; path = "UIView+Extension.swift"; sourceTree = "<group>"; };
		D0EC355326A15C5E00529357 /* ImageCell.swift */ = {isa = PBXFileReference; lastKnownFileType = sourcecode.swift; path = ImageCell.swift; sourceTree = "<group>"; };
		D0EC355526A15C8400529357 /* HeaderCell.swift */ = {isa = PBXFileReference; lastKnownFileType = sourcecode.swift; path = HeaderCell.swift; sourceTree = "<group>"; };
/* End PBXFileReference section */

/* Begin PBXFrameworksBuildPhase section */
		D07574C1269C24340083980B /* Frameworks */ = {
			isa = PBXFrameworksBuildPhase;
			buildActionMask = 2147483647;
			files = (
			);
			runOnlyForDeploymentPostprocessing = 0;
		};
/* End PBXFrameworksBuildPhase section */

/* Begin PBXGroup section */
		D07574BB269C24340083980B = {
			isa = PBXGroup;
			children = (
				D07574C6269C24340083980B /* RecipeClub */,
				D07574C5269C24340083980B /* Products */,
			);
			sourceTree = "<group>";
		};
		D07574C5269C24340083980B /* Products */ = {
			isa = PBXGroup;
			children = (
				D07574C4269C24340083980B /* RecipeClub.app */,
			);
			name = Products;
			sourceTree = "<group>";
		};
		D07574C6269C24340083980B /* RecipeClub */ = {
			isa = PBXGroup;
			children = (
				D07574C7269C24340083980B /* AppDelegate.swift */,
				D07574C9269C24340083980B /* SceneDelegate.swift */,
				D0EC355126A1513400529357 /* UIView+Extension.swift */,
				D0EC354A26A13D1A00529357 /* Main */,
				D07574CD269C24340083980B /* Main.storyboard */,
				D07574D3269C24370083980B /* Assets.xcassets */,
				D07574D5269C24370083980B /* LaunchScreen.storyboard */,
				D07574D8269C24370083980B /* Info.plist */,
				D07574D0269C24340083980B /* RecipeClub.xcdatamodeld */,
			);
			path = RecipeClub;
			sourceTree = "<group>";
		};
		D0EC354A26A13D1A00529357 /* Main */ = {
			isa = PBXGroup;
			children = (
				D07574CB269C24340083980B /* ViewController.swift */,
				D0EC354826A1392B00529357 /* MainHeaderCollectionReusableView.swift */,
				D0EC354626A1360600529357 /* MainCollectionViewLayout.swift */,
				D075753926A008600083980B /* MainMenuBar.xib */,
				D075753B26A008660083980B /* MainMenuBar.swift */,
				D0EC354F26A1510600529357 /* MainCollectionViewCell.swift */,
				D0EC355326A15C5E00529357 /* ImageCell.swift */,
				D0EC355526A15C8400529357 /* HeaderCell.swift */,
			);
			path = Main;
			sourceTree = "<group>";
		};
/* End PBXGroup section */

/* Begin PBXNativeTarget section */
		D07574C3269C24340083980B /* RecipeClub */ = {
			isa = PBXNativeTarget;
			buildConfigurationList = D07574DB269C24370083980B /* Build configuration list for PBXNativeTarget "RecipeClub" */;
			buildPhases = (
				D07574C0269C24340083980B /* Sources */,
				D07574C1269C24340083980B /* Frameworks */,
				D07574C2269C24340083980B /* Resources */,
			);
			buildRules = (
			);
			dependencies = (
			);
			name = RecipeClub;
			productName = RecipeClub;
			productReference = D07574C4269C24340083980B /* RecipeClub.app */;
			productType = "com.apple.product-type.application";
		};
/* End PBXNativeTarget section */

/* Begin PBXProject section */
		D07574BC269C24340083980B /* Project object */ = {
			isa = PBXProject;
			attributes = {
				LastSwiftUpdateCheck = 1250;
				LastUpgradeCheck = 1250;
				TargetAttributes = {
					D07574C3269C24340083980B = {
						CreatedOnToolsVersion = 12.5;
					};
				};
			};
			buildConfigurationList = D07574BF269C24340083980B /* Build configuration list for PBXProject "RecipeClub" */;
			compatibilityVersion = "Xcode 9.3";
			developmentRegion = en;
			hasScannedForEncodings = 0;
			knownRegions = (
				en,
				Base,
			);
			mainGroup = D07574BB269C24340083980B;
			productRefGroup = D07574C5269C24340083980B /* Products */;
			projectDirPath = "";
			projectRoot = "";
			targets = (
				D07574C3269C24340083980B /* RecipeClub */,
			);
		};
/* End PBXProject section */

/* Begin PBXResourcesBuildPhase section */
		D07574C2269C24340083980B /* Resources */ = {
			isa = PBXResourcesBuildPhase;
			buildActionMask = 2147483647;
			files = (
				D07574D7269C24370083980B /* LaunchScreen.storyboard in Resources */,
				D07574D4269C24370083980B /* Assets.xcassets in Resources */,
				D07574CF269C24340083980B /* Main.storyboard in Resources */,
				D075753A26A008600083980B /* MainMenuBar.xib in Resources */,
			);
			runOnlyForDeploymentPostprocessing = 0;
		};
/* End PBXResourcesBuildPhase section */

/* Begin PBXSourcesBuildPhase section */
		D07574C0269C24340083980B /* Sources */ = {
			isa = PBXSourcesBuildPhase;
			buildActionMask = 2147483647;
			files = (
				D07574CC269C24340083980B /* ViewController.swift in Sources */,
				D07574D2269C24340083980B /* RecipeClub.xcdatamodeld in Sources */,
				D07574C8269C24340083980B /* AppDelegate.swift in Sources */,
				D0EC355226A1513500529357 /* UIView+Extension.swift in Sources */,
				D0EC355026A1510600529357 /* MainCollectionViewCell.swift in Sources */,
				D07574CA269C24340083980B /* SceneDelegate.swift in Sources */,
				D0EC354926A1392B00529357 /* MainHeaderCollectionReusableView.swift in Sources */,
				D075753C26A008660083980B /* MainMenuBar.swift in Sources */,
				D0EC354726A1360600529357 /* MainCollectionViewLayout.swift in Sources */,
				D0EC355626A15C8400529357 /* HeaderCell.swift in Sources */,
				D0EC355426A15C5E00529357 /* ImageCell.swift in Sources */,
			);
			runOnlyForDeploymentPostprocessing = 0;
		};
/* End PBXSourcesBuildPhase section */

/* Begin PBXVariantGroup section */
		D07574CD269C24340083980B /* Main.storyboard */ = {
			isa = PBXVariantGroup;
			children = (
				D07574CE269C24340083980B /* Base */,
			);
			name = Main.storyboard;
			sourceTree = "<group>";
		};
		D07574D5269C24370083980B /* LaunchScreen.storyboard */ = {
			isa = PBXVariantGroup;
			children = (
				D07574D6269C24370083980B /* Base */,
			);
			name = LaunchScreen.storyboard;
			sourceTree = "<group>";
		};
/* End PBXVariantGroup section */

/* Begin XCBuildConfiguration section */
		D07574D9269C24370083980B /* Debug */ = {
			isa = XCBuildConfiguration;
			buildSettings = {
				ALWAYS_SEARCH_USER_PATHS = NO;
				CLANG_ANALYZER_NONNULL = YES;
				CLANG_ANALYZER_NUMBER_OBJECT_CONVERSION = YES_AGGRESSIVE;
				CLANG_CXX_LANGUAGE_STANDARD = "gnu++14";
				CLANG_CXX_LIBRARY = "libc++";
				CLANG_ENABLE_MODULES = YES;
				CLANG_ENABLE_OBJC_ARC = YES;
				CLANG_ENABLE_OBJC_WEAK = YES;
				CLANG_WARN_BLOCK_CAPTURE_AUTORELEASING = YES;
				CLANG_WARN_BOOL_CONVERSION = YES;
				CLANG_WARN_COMMA = YES;
				CLANG_WARN_CONSTANT_CONVERSION = YES;
				CLANG_WARN_DEPRECATED_OBJC_IMPLEMENTATIONS = YES;
				CLANG_WARN_DIRECT_OBJC_ISA_USAGE = YES_ERROR;
				CLANG_WARN_DOCUMENTATION_COMMENTS = YES;
				CLANG_WARN_EMPTY_BODY = YES;
				CLANG_WARN_ENUM_CONVERSION = YES;
				CLANG_WARN_INFINITE_RECURSION = YES;
				CLANG_WARN_INT_CONVERSION = YES;
				CLANG_WARN_NON_LITERAL_NULL_CONVERSION = YES;
				CLANG_WARN_OBJC_IMPLICIT_RETAIN_SELF = YES;
				CLANG_WARN_OBJC_LITERAL_CONVERSION = YES;
				CLANG_WARN_OBJC_ROOT_CLASS = YES_ERROR;
				CLANG_WARN_QUOTED_INCLUDE_IN_FRAMEWORK_HEADER = YES;
				CLANG_WARN_RANGE_LOOP_ANALYSIS = YES;
				CLANG_WARN_STRICT_PROTOTYPES = YES;
				CLANG_WARN_SUSPICIOUS_MOVE = YES;
				CLANG_WARN_UNGUARDED_AVAILABILITY = YES_AGGRESSIVE;
				CLANG_WARN_UNREACHABLE_CODE = YES;
				CLANG_WARN__DUPLICATE_METHOD_MATCH = YES;
				COPY_PHASE_STRIP = NO;
				DEBUG_INFORMATION_FORMAT = dwarf;
				ENABLE_STRICT_OBJC_MSGSEND = YES;
				ENABLE_TESTABILITY = YES;
				GCC_C_LANGUAGE_STANDARD = gnu11;
				GCC_DYNAMIC_NO_PIC = NO;
				GCC_NO_COMMON_BLOCKS = YES;
				GCC_OPTIMIZATION_LEVEL = 0;
				GCC_PREPROCESSOR_DEFINITIONS = (
					"DEBUG=1",
					"$(inherited)",
				);
				GCC_WARN_64_TO_32_BIT_CONVERSION = YES;
				GCC_WARN_ABOUT_RETURN_TYPE = YES_ERROR;
				GCC_WARN_UNDECLARED_SELECTOR = YES;
				GCC_WARN_UNINITIALIZED_AUTOS = YES_AGGRESSIVE;
				GCC_WARN_UNUSED_FUNCTION = YES;
				GCC_WARN_UNUSED_VARIABLE = YES;
				IPHONEOS_DEPLOYMENT_TARGET = 14.5;
				MTL_ENABLE_DEBUG_INFO = INCLUDE_SOURCE;
				MTL_FAST_MATH = YES;
				ONLY_ACTIVE_ARCH = YES;
				SDKROOT = iphoneos;
				SWIFT_ACTIVE_COMPILATION_CONDITIONS = DEBUG;
				SWIFT_OPTIMIZATION_LEVEL = "-Onone";
			};
			name = Debug;
		};
		D07574DA269C24370083980B /* Release */ = {
			isa = XCBuildConfiguration;
			buildSettings = {
				ALWAYS_SEARCH_USER_PATHS = NO;
				CLANG_ANALYZER_NONNULL = YES;
				CLANG_ANALYZER_NUMBER_OBJECT_CONVERSION = YES_AGGRESSIVE;
				CLANG_CXX_LANGUAGE_STANDARD = "gnu++14";
				CLANG_CXX_LIBRARY = "libc++";
				CLANG_ENABLE_MODULES = YES;
				CLANG_ENABLE_OBJC_ARC = YES;
				CLANG_ENABLE_OBJC_WEAK = YES;
				CLANG_WARN_BLOCK_CAPTURE_AUTORELEASING = YES;
				CLANG_WARN_BOOL_CONVERSION = YES;
				CLANG_WARN_COMMA = YES;
				CLANG_WARN_CONSTANT_CONVERSION = YES;
				CLANG_WARN_DEPRECATED_OBJC_IMPLEMENTATIONS = YES;
				CLANG_WARN_DIRECT_OBJC_ISA_USAGE = YES_ERROR;
				CLANG_WARN_DOCUMENTATION_COMMENTS = YES;
				CLANG_WARN_EMPTY_BODY = YES;
				CLANG_WARN_ENUM_CONVERSION = YES;
				CLANG_WARN_INFINITE_RECURSION = YES;
				CLANG_WARN_INT_CONVERSION = YES;
				CLANG_WARN_NON_LITERAL_NULL_CONVERSION = YES;
				CLANG_WARN_OBJC_IMPLICIT_RETAIN_SELF = YES;
				CLANG_WARN_OBJC_LITERAL_CONVERSION = YES;
				CLANG_WARN_OBJC_ROOT_CLASS = YES_ERROR;
				CLANG_WARN_QUOTED_INCLUDE_IN_FRAMEWORK_HEADER = YES;
				CLANG_WARN_RANGE_LOOP_ANALYSIS = YES;
				CLANG_WARN_STRICT_PROTOTYPES = YES;
				CLANG_WARN_SUSPICIOUS_MOVE = YES;
				CLANG_WARN_UNGUARDED_AVAILABILITY = YES_AGGRESSIVE;
				CLANG_WARN_UNREACHABLE_CODE = YES;
				CLANG_WARN__DUPLICATE_METHOD_MATCH = YES;
				COPY_PHASE_STRIP = NO;
				DEBUG_INFORMATION_FORMAT = "dwarf-with-dsym";
				ENABLE_NS_ASSERTIONS = NO;
				ENABLE_STRICT_OBJC_MSGSEND = YES;
				GCC_C_LANGUAGE_STANDARD = gnu11;
				GCC_NO_COMMON_BLOCKS = YES;
				GCC_WARN_64_TO_32_BIT_CONVERSION = YES;
				GCC_WARN_ABOUT_RETURN_TYPE = YES_ERROR;
				GCC_WARN_UNDECLARED_SELECTOR = YES;
				GCC_WARN_UNINITIALIZED_AUTOS = YES_AGGRESSIVE;
				GCC_WARN_UNUSED_FUNCTION = YES;
				GCC_WARN_UNUSED_VARIABLE = YES;
				IPHONEOS_DEPLOYMENT_TARGET = 14.5;
				MTL_ENABLE_DEBUG_INFO = NO;
				MTL_FAST_MATH = YES;
				SDKROOT = iphoneos;
				SWIFT_COMPILATION_MODE = wholemodule;
				SWIFT_OPTIMIZATION_LEVEL = "-O";
				VALIDATE_PRODUCT = YES;
			};
			name = Release;
		};
		D07574DC269C24370083980B /* Debug */ = {
			isa = XCBuildConfiguration;
			buildSettings = {
				ASSETCATALOG_COMPILER_APPICON_NAME = AppIcon;
				ASSETCATALOG_COMPILER_GLOBAL_ACCENT_COLOR_NAME = AccentColor;
				CODE_SIGN_STYLE = Automatic;
				INFOPLIST_FILE = RecipeClub/Info.plist;
				LD_RUNPATH_SEARCH_PATHS = (
					"$(inherited)",
					"@executable_path/Frameworks",
				);
				PRODUCT_BUNDLE_IDENTIFIER = com.swiftylife.RecipeClub;
				PRODUCT_NAME = "$(TARGET_NAME)";
				SWIFT_VERSION = 5.0;
				TARGETED_DEVICE_FAMILY = "1,2";
			};
			name = Debug;
		};
		D07574DD269C24370083980B /* Release */ = {
			isa = XCBuildConfiguration;
			buildSettings = {
				ASSETCATALOG_COMPILER_APPICON_NAME = AppIcon;
				ASSETCATALOG_COMPILER_GLOBAL_ACCENT_COLOR_NAME = AccentColor;
				CODE_SIGN_STYLE = Automatic;
				INFOPLIST_FILE = RecipeClub/Info.plist;
				LD_RUNPATH_SEARCH_PATHS = (
					"$(inherited)",
					"@executable_path/Frameworks",
				);
				PRODUCT_BUNDLE_IDENTIFIER = com.swiftylife.RecipeClub;
				PRODUCT_NAME = "$(TARGET_NAME)";
				SWIFT_VERSION = 5.0;
				TARGETED_DEVICE_FAMILY = "1,2";
			};
			name = Release;
		};
/* End XCBuildConfiguration section */

/* Begin XCConfigurationList section */
		D07574BF269C24340083980B /* Build configuration list for PBXProject "RecipeClub" */ = {
			isa = XCConfigurationList;
			buildConfigurations = (
				D07574D9269C24370083980B /* Debug */,
				D07574DA269C24370083980B /* Release */,
			);
			defaultConfigurationIsVisible = 0;
			defaultConfigurationName = Release;
		};
		D07574DB269C24370083980B /* Build configuration list for PBXNativeTarget "RecipeClub" */ = {
			isa = XCConfigurationList;
			buildConfigurations = (
				D07574DC269C24370083980B /* Debug */,
				D07574DD269C24370083980B /* Release */,
			);
			defaultConfigurationIsVisible = 0;
			defaultConfigurationName = Release;
		};
/* End XCConfigurationList section */

/* Begin XCVersionGroup section */
		D07574D0269C24340083980B /* RecipeClub.xcdatamodeld */ = {
			isa = XCVersionGroup;
			children = (
				D07574D1269C24340083980B /* RecipeClub.xcdatamodel */,
			);
			currentVersion = D07574D1269C24340083980B /* RecipeClub.xcdatamodel */;
			path = RecipeClub.xcdatamodeld;
			sourceTree = "<group>";
			versionGroupType = wrapper.xcdatamodel;
		};
/* End XCVersionGroup section */
	};
	rootObject = D07574BC269C24340083980B /* Project object */;
}
